
Microsoft Visual Studio Solution File, Format Version 12.00
# Visual Studio Version 17
VisualStudioVersion = 17.12.35506.116 d17.12
MinimumVisualStudioVersion = 10.0.40219.1
Project("{9A19103F-16F7-4668-BE54-9A1E7A4F7556}") = "Day1", "Day1\Day1.csproj", "{CA205EEB-5EAA-452B-8D08-25C415F64B0A}"
EndProject
Project("{9A19103F-16F7-4668-BE54-9A1E7A4F7556}") = "Day2", "Day2\Day2.csproj", "{DC89E2B8-224D-45B1-8E53-3ADFE18885F2}"
EndProject
Project("{9A19103F-16F7-4668-BE54-9A1E7A4F7556}") = "Day3", "Day3\Day3.csproj", "{18FA0C64-9FFF-4EF0-942A-A3F0E750DFA8}"
EndProject
Project("{9A19103F-16F7-4668-BE54-9A1E7A4F7556}") = "Day4", "Day4\Day4.csproj", "{6BED0C81-2A93-469E-8C97-E724B6B0C89A}"
EndProject
Project("{9A19103F-16F7-4668-BE54-9A1E7A4F7556}") = "Day11", "Day11\Day11.csproj", "{68B7A24B-4E51-4B77-8B95-4B12C031EA5D}"
EndProject
Project("{9A19103F-16F7-4668-BE54-9A1E7A4F7556}") = "Day5", "Day5\Day5.csproj", "{FDA40676-1194-4EA1-8945-F78898E5F124}"
EndProject
Project("{9A19103F-16F7-4668-BE54-9A1E7A4F7556}") = "Day6", "Day6\Day6.csproj", "{3130BF26-ACBE-4EF6-8C0A-AB24456E9A22}"
EndProject
Project("{9A19103F-16F7-4668-BE54-9A1E7A4F7556}") = "Day7", "Day7\Day7.csproj", "{344E405C-A2BC-4D24-BC8F-23DB170089EF}"
EndProject
Project("{9A19103F-16F7-4668-BE54-9A1E7A4F7556}") = "Day8", "Day8\Day8.csproj", "{6E9182CE-95D9-4A75-930B-3A66972F131B}"
EndProject
Project("{9A19103F-16F7-4668-BE54-9A1E7A4F7556}") = "Day9", "Day9\Day9.csproj", "{48541AD9-9F73-4CC8-877F-2DF2606F5214}"
EndProject
Project("{9A19103F-16F7-4668-BE54-9A1E7A4F7556}") = "Day12", "Day12\Day12.csproj", "{4E001DF2-3038-4BEE-9505-502602BCB30A}"
EndProject
Project("{9A19103F-16F7-4668-BE54-9A1E7A4F7556}") = "Day10", "Day10\Day10.csproj", "{57B5D5CE-271E-4105-85A6-DD064FA0D83C}"
EndProject
Project("{9A19103F-16F7-4668-BE54-9A1E7A4F7556}") = "Day13", "Day13\Day13.csproj", "{F8FC4470-5AE8-4783-8C72-AD576465C77B}"
EndProject
Project("{9A19103F-16F7-4668-BE54-9A1E7A4F7556}") = "Day14", "Day14\Day14.csproj", "{62AA1B10-F81B-42B3-BA9F-A09129896EFA}"
EndProject
Project("{9A19103F-16F7-4668-BE54-9A1E7A4F7556}") = "Day15", "Day15\Day15.csproj", "{711D70F6-8653-41A3-82A9-D258943C97B1}"
EndProject
Project("{9A19103F-16F7-4668-BE54-9A1E7A4F7556}") = "Day16", "Day16\Day16.csproj", "{84E23211-E9E2-434B-8BB4-5A0FB7C80025}"
EndProject
Project("{9A19103F-16F7-4668-BE54-9A1E7A4F7556}") = "Day17", "Day17\Day17.csproj", "{692749E7-D298-43A0-B4C1-D77F3AE49E64}"
EndProject
Project("{9A19103F-16F7-4668-BE54-9A1E7A4F7556}") = "Day18", "Day18\Day18.csproj", "{47FA3FBE-2A5D-4635-9B09-5AFEAD8BB70D}"
EndProject
Project("{9A19103F-16F7-4668-BE54-9A1E7A4F7556}") = "Day19", "Day19\Day19.csproj", "{0E7FF6DB-FAEA-40C0-92F1-0F6259018C85}"
EndProject
Project("{9A19103F-16F7-4668-BE54-9A1E7A4F7556}") = "Day20", "Day20\Day20.csproj", "{7DAA3355-6D0E-41C9-8871-C57F9D9CB5D8}"
EndProject
Project("{9A19103F-16F7-4668-BE54-9A1E7A4F7556}") = "Day21", "Day21\Day21.csproj", "{47A14FE6-545D-4021-B589-DAF4EE656C79}"
EndProject
Project("{9A19103F-16F7-4668-BE54-9A1E7A4F7556}") = "Day22", "Day22\Day22.csproj", "{D1F73200-FAD5-4671-8835-1D1C98F1F44E}"
EndProject
Project("{9A19103F-16F7-4668-BE54-9A1E7A4F7556}") = "Day23", "Day23\Day23.csproj", "{F80BA508-1755-4056-A951-0C93FF5E41A1}"
EndProject
Project("{9A19103F-16F7-4668-BE54-9A1E7A4F7556}") = "Day24", "Day24\Day24.csproj", "{CF929582-E69A-4065-B39B-FF52BC87604D}"
EndProject
Project("{9A19103F-16F7-4668-BE54-9A1E7A4F7556}") = "Day25", "Day25\Day25.csproj", "{32802E6F-E3DF-4E7D-8D1C-10DC469D2564}"
EndProject
Project("{2150E333-8FDC-42A3-9474-1A3956D46DE8}") = "2020", "2020", "{B36BFB7E-21CD-4744-8D92-4F4FB94B638D}"
EndProject
Project("{2150E333-8FDC-42A3-9474-1A3956D46DE8}") = "2021", "2021", "{850370D8-B424-4654-B722-94C567BCDE83}"
EndProject
Project("{FAE04EC0-301F-11D3-BF4B-00C04F79EFBC}") = "Day1 2021", "Day1 2021\Day1 2021.csproj", "{3E6A2F84-026A-44FE-BCD7-F2F52B8B6824}"
EndProject
Project("{FAE04EC0-301F-11D3-BF4B-00C04F79EFBC}") = "Day2 2021", "Day2 2021\Day2 2021.csproj", "{0558EABD-F7A0-4D57-9B4B-556A4695AEAA}"
EndProject
Project("{2150E333-8FDC-42A3-9474-1A3956D46DE8}") = "2024", "2024", "{CFF5DA7F-8ED7-4B5C-8550-C262B9E487DA}"
EndProject
Project("{FAE04EC0-301F-11D3-BF4B-00C04F79EFBC}") = "Day1", "2024\Day1\Day1.csproj", "{A6CEFBB5-70AD-40D3-B108-170AED0D1BE7}"
EndProject
Project("{FAE04EC0-301F-11D3-BF4B-00C04F79EFBC}") = "Day2", "2024\Day2\Day2.csproj", "{1E448ABE-E06F-4703-8318-763F8D9DF3FB}"
EndProject
Project("{FAE04EC0-301F-11D3-BF4B-00C04F79EFBC}") = "Day3", "2024\Day3\Day3.csproj", "{CBBAC280-15E3-4AFA-85CF-D1506C6F4391}"
EndProject
Project("{FAE04EC0-301F-11D3-BF4B-00C04F79EFBC}") = "Day4", "2024\Day4\Day4.csproj", "{84757D89-13B3-4980-8C8E-9A627DF7F943}"
EndProject
Global
	GlobalSection(SolutionConfigurationPlatforms) = preSolution
		Debug|Any CPU = Debug|Any CPU
		Release|Any CPU = Release|Any CPU
	EndGlobalSection
	GlobalSection(ProjectConfigurationPlatforms) = postSolution
		{CA205EEB-5EAA-452B-8D08-25C415F64B0A}.Debug|Any CPU.ActiveCfg = Debug|Any CPU
		{CA205EEB-5EAA-452B-8D08-25C415F64B0A}.Debug|Any CPU.Build.0 = Debug|Any CPU
		{CA205EEB-5EAA-452B-8D08-25C415F64B0A}.Release|Any CPU.ActiveCfg = Release|Any CPU
		{CA205EEB-5EAA-452B-8D08-25C415F64B0A}.Release|Any CPU.Build.0 = Release|Any CPU
		{DC89E2B8-224D-45B1-8E53-3ADFE18885F2}.Debug|Any CPU.ActiveCfg = Debug|Any CPU
		{DC89E2B8-224D-45B1-8E53-3ADFE18885F2}.Debug|Any CPU.Build.0 = Debug|Any CPU
		{DC89E2B8-224D-45B1-8E53-3ADFE18885F2}.Release|Any CPU.ActiveCfg = Release|Any CPU
		{DC89E2B8-224D-45B1-8E53-3ADFE18885F2}.Release|Any CPU.Build.0 = Release|Any CPU
		{18FA0C64-9FFF-4EF0-942A-A3F0E750DFA8}.Debug|Any CPU.ActiveCfg = Debug|Any CPU
		{18FA0C64-9FFF-4EF0-942A-A3F0E750DFA8}.Debug|Any CPU.Build.0 = Debug|Any CPU
		{18FA0C64-9FFF-4EF0-942A-A3F0E750DFA8}.Release|Any CPU.ActiveCfg = Release|Any CPU
		{18FA0C64-9FFF-4EF0-942A-A3F0E750DFA8}.Release|Any CPU.Build.0 = Release|Any CPU
		{6BED0C81-2A93-469E-8C97-E724B6B0C89A}.Debug|Any CPU.ActiveCfg = Debug|Any CPU
		{6BED0C81-2A93-469E-8C97-E724B6B0C89A}.Debug|Any CPU.Build.0 = Debug|Any CPU
		{6BED0C81-2A93-469E-8C97-E724B6B0C89A}.Release|Any CPU.ActiveCfg = Release|Any CPU
		{6BED0C81-2A93-469E-8C97-E724B6B0C89A}.Release|Any CPU.Build.0 = Release|Any CPU
		{68B7A24B-4E51-4B77-8B95-4B12C031EA5D}.Debug|Any CPU.ActiveCfg = Debug|Any CPU
		{68B7A24B-4E51-4B77-8B95-4B12C031EA5D}.Debug|Any CPU.Build.0 = Debug|Any CPU
		{68B7A24B-4E51-4B77-8B95-4B12C031EA5D}.Release|Any CPU.ActiveCfg = Release|Any CPU
		{68B7A24B-4E51-4B77-8B95-4B12C031EA5D}.Release|Any CPU.Build.0 = Release|Any CPU
		{FDA40676-1194-4EA1-8945-F78898E5F124}.Debug|Any CPU.ActiveCfg = Debug|Any CPU
		{FDA40676-1194-4EA1-8945-F78898E5F124}.Debug|Any CPU.Build.0 = Debug|Any CPU
		{FDA40676-1194-4EA1-8945-F78898E5F124}.Release|Any CPU.ActiveCfg = Release|Any CPU
		{FDA40676-1194-4EA1-8945-F78898E5F124}.Release|Any CPU.Build.0 = Release|Any CPU
		{3130BF26-ACBE-4EF6-8C0A-AB24456E9A22}.Debug|Any CPU.ActiveCfg = Debug|Any CPU
		{3130BF26-ACBE-4EF6-8C0A-AB24456E9A22}.Debug|Any CPU.Build.0 = Debug|Any CPU
		{3130BF26-ACBE-4EF6-8C0A-AB24456E9A22}.Release|Any CPU.ActiveCfg = Release|Any CPU
		{3130BF26-ACBE-4EF6-8C0A-AB24456E9A22}.Release|Any CPU.Build.0 = Release|Any CPU
		{344E405C-A2BC-4D24-BC8F-23DB170089EF}.Debug|Any CPU.ActiveCfg = Debug|Any CPU
		{344E405C-A2BC-4D24-BC8F-23DB170089EF}.Debug|Any CPU.Build.0 = Debug|Any CPU
		{344E405C-A2BC-4D24-BC8F-23DB170089EF}.Release|Any CPU.ActiveCfg = Release|Any CPU
		{344E405C-A2BC-4D24-BC8F-23DB170089EF}.Release|Any CPU.Build.0 = Release|Any CPU
		{6E9182CE-95D9-4A75-930B-3A66972F131B}.Debug|Any CPU.ActiveCfg = Debug|Any CPU
		{6E9182CE-95D9-4A75-930B-3A66972F131B}.Debug|Any CPU.Build.0 = Debug|Any CPU
		{6E9182CE-95D9-4A75-930B-3A66972F131B}.Release|Any CPU.ActiveCfg = Release|Any CPU
		{6E9182CE-95D9-4A75-930B-3A66972F131B}.Release|Any CPU.Build.0 = Release|Any CPU
		{48541AD9-9F73-4CC8-877F-2DF2606F5214}.Debug|Any CPU.ActiveCfg = Debug|Any CPU
		{48541AD9-9F73-4CC8-877F-2DF2606F5214}.Debug|Any CPU.Build.0 = Debug|Any CPU
		{48541AD9-9F73-4CC8-877F-2DF2606F5214}.Release|Any CPU.ActiveCfg = Release|Any CPU
		{48541AD9-9F73-4CC8-877F-2DF2606F5214}.Release|Any CPU.Build.0 = Release|Any CPU
		{4E001DF2-3038-4BEE-9505-502602BCB30A}.Debug|Any CPU.ActiveCfg = Debug|Any CPU
		{4E001DF2-3038-4BEE-9505-502602BCB30A}.Debug|Any CPU.Build.0 = Debug|Any CPU
		{4E001DF2-3038-4BEE-9505-502602BCB30A}.Release|Any CPU.ActiveCfg = Release|Any CPU
		{4E001DF2-3038-4BEE-9505-502602BCB30A}.Release|Any CPU.Build.0 = Release|Any CPU
		{57B5D5CE-271E-4105-85A6-DD064FA0D83C}.Debug|Any CPU.ActiveCfg = Debug|Any CPU
		{57B5D5CE-271E-4105-85A6-DD064FA0D83C}.Debug|Any CPU.Build.0 = Debug|Any CPU
		{57B5D5CE-271E-4105-85A6-DD064FA0D83C}.Release|Any CPU.ActiveCfg = Release|Any CPU
		{57B5D5CE-271E-4105-85A6-DD064FA0D83C}.Release|Any CPU.Build.0 = Release|Any CPU
		{F8FC4470-5AE8-4783-8C72-AD576465C77B}.Debug|Any CPU.ActiveCfg = Debug|Any CPU
		{F8FC4470-5AE8-4783-8C72-AD576465C77B}.Debug|Any CPU.Build.0 = Debug|Any CPU
		{F8FC4470-5AE8-4783-8C72-AD576465C77B}.Release|Any CPU.ActiveCfg = Release|Any CPU
		{F8FC4470-5AE8-4783-8C72-AD576465C77B}.Release|Any CPU.Build.0 = Release|Any CPU
		{62AA1B10-F81B-42B3-BA9F-A09129896EFA}.Debug|Any CPU.ActiveCfg = Debug|Any CPU
		{62AA1B10-F81B-42B3-BA9F-A09129896EFA}.Debug|Any CPU.Build.0 = Debug|Any CPU
		{62AA1B10-F81B-42B3-BA9F-A09129896EFA}.Release|Any CPU.ActiveCfg = Release|Any CPU
		{62AA1B10-F81B-42B3-BA9F-A09129896EFA}.Release|Any CPU.Build.0 = Release|Any CPU
		{711D70F6-8653-41A3-82A9-D258943C97B1}.Debug|Any CPU.ActiveCfg = Debug|Any CPU
		{711D70F6-8653-41A3-82A9-D258943C97B1}.Debug|Any CPU.Build.0 = Debug|Any CPU
		{711D70F6-8653-41A3-82A9-D258943C97B1}.Release|Any CPU.ActiveCfg = Release|Any CPU
		{711D70F6-8653-41A3-82A9-D258943C97B1}.Release|Any CPU.Build.0 = Release|Any CPU
		{84E23211-E9E2-434B-8BB4-5A0FB7C80025}.Debug|Any CPU.ActiveCfg = Debug|Any CPU
		{84E23211-E9E2-434B-8BB4-5A0FB7C80025}.Debug|Any CPU.Build.0 = Debug|Any CPU
		{84E23211-E9E2-434B-8BB4-5A0FB7C80025}.Release|Any CPU.ActiveCfg = Release|Any CPU
		{84E23211-E9E2-434B-8BB4-5A0FB7C80025}.Release|Any CPU.Build.0 = Release|Any CPU
		{692749E7-D298-43A0-B4C1-D77F3AE49E64}.Debug|Any CPU.ActiveCfg = Debug|Any CPU
		{692749E7-D298-43A0-B4C1-D77F3AE49E64}.Debug|Any CPU.Build.0 = Debug|Any CPU
		{692749E7-D298-43A0-B4C1-D77F3AE49E64}.Release|Any CPU.ActiveCfg = Release|Any CPU
		{692749E7-D298-43A0-B4C1-D77F3AE49E64}.Release|Any CPU.Build.0 = Release|Any CPU
		{47FA3FBE-2A5D-4635-9B09-5AFEAD8BB70D}.Debug|Any CPU.ActiveCfg = Debug|Any CPU
		{47FA3FBE-2A5D-4635-9B09-5AFEAD8BB70D}.Debug|Any CPU.Build.0 = Debug|Any CPU
		{47FA3FBE-2A5D-4635-9B09-5AFEAD8BB70D}.Release|Any CPU.ActiveCfg = Release|Any CPU
		{47FA3FBE-2A5D-4635-9B09-5AFEAD8BB70D}.Release|Any CPU.Build.0 = Release|Any CPU
		{0E7FF6DB-FAEA-40C0-92F1-0F6259018C85}.Debug|Any CPU.ActiveCfg = Debug|Any CPU
		{0E7FF6DB-FAEA-40C0-92F1-0F6259018C85}.Debug|Any CPU.Build.0 = Debug|Any CPU
		{0E7FF6DB-FAEA-40C0-92F1-0F6259018C85}.Release|Any CPU.ActiveCfg = Release|Any CPU
		{0E7FF6DB-FAEA-40C0-92F1-0F6259018C85}.Release|Any CPU.Build.0 = Release|Any CPU
		{7DAA3355-6D0E-41C9-8871-C57F9D9CB5D8}.Debug|Any CPU.ActiveCfg = Debug|Any CPU
		{7DAA3355-6D0E-41C9-8871-C57F9D9CB5D8}.Debug|Any CPU.Build.0 = Debug|Any CPU
		{7DAA3355-6D0E-41C9-8871-C57F9D9CB5D8}.Release|Any CPU.ActiveCfg = Release|Any CPU
		{7DAA3355-6D0E-41C9-8871-C57F9D9CB5D8}.Release|Any CPU.Build.0 = Release|Any CPU
		{47A14FE6-545D-4021-B589-DAF4EE656C79}.Debug|Any CPU.ActiveCfg = Debug|Any CPU
		{47A14FE6-545D-4021-B589-DAF4EE656C79}.Debug|Any CPU.Build.0 = Debug|Any CPU
		{47A14FE6-545D-4021-B589-DAF4EE656C79}.Release|Any CPU.ActiveCfg = Release|Any CPU
		{47A14FE6-545D-4021-B589-DAF4EE656C79}.Release|Any CPU.Build.0 = Release|Any CPU
		{D1F73200-FAD5-4671-8835-1D1C98F1F44E}.Debug|Any CPU.ActiveCfg = Debug|Any CPU
		{D1F73200-FAD5-4671-8835-1D1C98F1F44E}.Debug|Any CPU.Build.0 = Debug|Any CPU
		{D1F73200-FAD5-4671-8835-1D1C98F1F44E}.Release|Any CPU.ActiveCfg = Release|Any CPU
		{D1F73200-FAD5-4671-8835-1D1C98F1F44E}.Release|Any CPU.Build.0 = Release|Any CPU
		{F80BA508-1755-4056-A951-0C93FF5E41A1}.Debug|Any CPU.ActiveCfg = Debug|Any CPU
		{F80BA508-1755-4056-A951-0C93FF5E41A1}.Debug|Any CPU.Build.0 = Debug|Any CPU
		{F80BA508-1755-4056-A951-0C93FF5E41A1}.Release|Any CPU.ActiveCfg = Release|Any CPU
		{F80BA508-1755-4056-A951-0C93FF5E41A1}.Release|Any CPU.Build.0 = Release|Any CPU
		{CF929582-E69A-4065-B39B-FF52BC87604D}.Debug|Any CPU.ActiveCfg = Debug|Any CPU
		{CF929582-E69A-4065-B39B-FF52BC87604D}.Debug|Any CPU.Build.0 = Debug|Any CPU
		{CF929582-E69A-4065-B39B-FF52BC87604D}.Release|Any CPU.ActiveCfg = Release|Any CPU
		{CF929582-E69A-4065-B39B-FF52BC87604D}.Release|Any CPU.Build.0 = Release|Any CPU
		{32802E6F-E3DF-4E7D-8D1C-10DC469D2564}.Debug|Any CPU.ActiveCfg = Debug|Any CPU
		{32802E6F-E3DF-4E7D-8D1C-10DC469D2564}.Debug|Any CPU.Build.0 = Debug|Any CPU
		{32802E6F-E3DF-4E7D-8D1C-10DC469D2564}.Release|Any CPU.ActiveCfg = Release|Any CPU
		{32802E6F-E3DF-4E7D-8D1C-10DC469D2564}.Release|Any CPU.Build.0 = Release|Any CPU
		{3E6A2F84-026A-44FE-BCD7-F2F52B8B6824}.Debug|Any CPU.ActiveCfg = Debug|Any CPU
		{3E6A2F84-026A-44FE-BCD7-F2F52B8B6824}.Debug|Any CPU.Build.0 = Debug|Any CPU
		{3E6A2F84-026A-44FE-BCD7-F2F52B8B6824}.Release|Any CPU.ActiveCfg = Release|Any CPU
		{3E6A2F84-026A-44FE-BCD7-F2F52B8B6824}.Release|Any CPU.Build.0 = Release|Any CPU
		{0558EABD-F7A0-4D57-9B4B-556A4695AEAA}.Debug|Any CPU.ActiveCfg = Debug|Any CPU
		{0558EABD-F7A0-4D57-9B4B-556A4695AEAA}.Debug|Any CPU.Build.0 = Debug|Any CPU
		{0558EABD-F7A0-4D57-9B4B-556A4695AEAA}.Release|Any CPU.ActiveCfg = Release|Any CPU
		{0558EABD-F7A0-4D57-9B4B-556A4695AEAA}.Release|Any CPU.Build.0 = Release|Any CPU
		{A6CEFBB5-70AD-40D3-B108-170AED0D1BE7}.Debug|Any CPU.ActiveCfg = Debug|Any CPU
		{A6CEFBB5-70AD-40D3-B108-170AED0D1BE7}.Debug|Any CPU.Build.0 = Debug|Any CPU
		{A6CEFBB5-70AD-40D3-B108-170AED0D1BE7}.Release|Any CPU.ActiveCfg = Release|Any CPU
		{A6CEFBB5-70AD-40D3-B108-170AED0D1BE7}.Release|Any CPU.Build.0 = Release|Any CPU
		{1E448ABE-E06F-4703-8318-763F8D9DF3FB}.Debug|Any CPU.ActiveCfg = Debug|Any CPU
		{1E448ABE-E06F-4703-8318-763F8D9DF3FB}.Debug|Any CPU.Build.0 = Debug|Any CPU
		{1E448ABE-E06F-4703-8318-763F8D9DF3FB}.Release|Any CPU.ActiveCfg = Release|Any CPU
		{1E448ABE-E06F-4703-8318-763F8D9DF3FB}.Release|Any CPU.Build.0 = Release|Any CPU
		{CBBAC280-15E3-4AFA-85CF-D1506C6F4391}.Debug|Any CPU.ActiveCfg = Debug|Any CPU
		{CBBAC280-15E3-4AFA-85CF-D1506C6F4391}.Debug|Any CPU.Build.0 = Debug|Any CPU
		{CBBAC280-15E3-4AFA-85CF-D1506C6F4391}.Release|Any CPU.ActiveCfg = Release|Any CPU
		{CBBAC280-15E3-4AFA-85CF-D1506C6F4391}.Release|Any CPU.Build.0 = Release|Any CPU
		{84757D89-13B3-4980-8C8E-9A627DF7F943}.Debug|Any CPU.ActiveCfg = Debug|Any CPU
		{84757D89-13B3-4980-8C8E-9A627DF7F943}.Debug|Any CPU.Build.0 = Debug|Any CPU
		{84757D89-13B3-4980-8C8E-9A627DF7F943}.Release|Any CPU.ActiveCfg = Release|Any CPU
		{84757D89-13B3-4980-8C8E-9A627DF7F943}.Release|Any CPU.Build.0 = Release|Any CPU
	EndGlobalSection
	GlobalSection(SolutionProperties) = preSolution
		HideSolutionNode = FALSE
	EndGlobalSection
	GlobalSection(NestedProjects) = preSolution
		{CA205EEB-5EAA-452B-8D08-25C415F64B0A} = {B36BFB7E-21CD-4744-8D92-4F4FB94B638D}
		{DC89E2B8-224D-45B1-8E53-3ADFE18885F2} = {B36BFB7E-21CD-4744-8D92-4F4FB94B638D}
		{18FA0C64-9FFF-4EF0-942A-A3F0E750DFA8} = {B36BFB7E-21CD-4744-8D92-4F4FB94B638D}
		{6BED0C81-2A93-469E-8C97-E724B6B0C89A} = {B36BFB7E-21CD-4744-8D92-4F4FB94B638D}
		{68B7A24B-4E51-4B77-8B95-4B12C031EA5D} = {B36BFB7E-21CD-4744-8D92-4F4FB94B638D}
		{FDA40676-1194-4EA1-8945-F78898E5F124} = {B36BFB7E-21CD-4744-8D92-4F4FB94B638D}
		{3130BF26-ACBE-4EF6-8C0A-AB24456E9A22} = {B36BFB7E-21CD-4744-8D92-4F4FB94B638D}
		{344E405C-A2BC-4D24-BC8F-23DB170089EF} = {B36BFB7E-21CD-4744-8D92-4F4FB94B638D}
		{6E9182CE-95D9-4A75-930B-3A66972F131B} = {B36BFB7E-21CD-4744-8D92-4F4FB94B638D}
		{48541AD9-9F73-4CC8-877F-2DF2606F5214} = {B36BFB7E-21CD-4744-8D92-4F4FB94B638D}
		{4E001DF2-3038-4BEE-9505-502602BCB30A} = {B36BFB7E-21CD-4744-8D92-4F4FB94B638D}
		{57B5D5CE-271E-4105-85A6-DD064FA0D83C} = {B36BFB7E-21CD-4744-8D92-4F4FB94B638D}
		{F8FC4470-5AE8-4783-8C72-AD576465C77B} = {B36BFB7E-21CD-4744-8D92-4F4FB94B638D}
		{62AA1B10-F81B-42B3-BA9F-A09129896EFA} = {B36BFB7E-21CD-4744-8D92-4F4FB94B638D}
		{711D70F6-8653-41A3-82A9-D258943C97B1} = {B36BFB7E-21CD-4744-8D92-4F4FB94B638D}
		{84E23211-E9E2-434B-8BB4-5A0FB7C80025} = {B36BFB7E-21CD-4744-8D92-4F4FB94B638D}
		{692749E7-D298-43A0-B4C1-D77F3AE49E64} = {B36BFB7E-21CD-4744-8D92-4F4FB94B638D}
		{47FA3FBE-2A5D-4635-9B09-5AFEAD8BB70D} = {B36BFB7E-21CD-4744-8D92-4F4FB94B638D}
		{0E7FF6DB-FAEA-40C0-92F1-0F6259018C85} = {B36BFB7E-21CD-4744-8D92-4F4FB94B638D}
		{7DAA3355-6D0E-41C9-8871-C57F9D9CB5D8} = {B36BFB7E-21CD-4744-8D92-4F4FB94B638D}
		{47A14FE6-545D-4021-B589-DAF4EE656C79} = {B36BFB7E-21CD-4744-8D92-4F4FB94B638D}
		{D1F73200-FAD5-4671-8835-1D1C98F1F44E} = {B36BFB7E-21CD-4744-8D92-4F4FB94B638D}
		{F80BA508-1755-4056-A951-0C93FF5E41A1} = {B36BFB7E-21CD-4744-8D92-4F4FB94B638D}
		{CF929582-E69A-4065-B39B-FF52BC87604D} = {B36BFB7E-21CD-4744-8D92-4F4FB94B638D}
		{32802E6F-E3DF-4E7D-8D1C-10DC469D2564} = {B36BFB7E-21CD-4744-8D92-4F4FB94B638D}
		{3E6A2F84-026A-44FE-BCD7-F2F52B8B6824} = {850370D8-B424-4654-B722-94C567BCDE83}
		{0558EABD-F7A0-4D57-9B4B-556A4695AEAA} = {850370D8-B424-4654-B722-94C567BCDE83}
		{A6CEFBB5-70AD-40D3-B108-170AED0D1BE7} = {CFF5DA7F-8ED7-4B5C-8550-C262B9E487DA}
		{1E448ABE-E06F-4703-8318-763F8D9DF3FB} = {CFF5DA7F-8ED7-4B5C-8550-C262B9E487DA}
		{CBBAC280-15E3-4AFA-85CF-D1506C6F4391} = {CFF5DA7F-8ED7-4B5C-8550-C262B9E487DA}
		{84757D89-13B3-4980-8C8E-9A627DF7F943} = {CFF5DA7F-8ED7-4B5C-8550-C262B9E487DA}
	EndGlobalSection
	GlobalSection(ExtensibilityGlobals) = postSolution
		SolutionGuid = {4E8073AA-1B34-4793-83DA-7FD3F30E1FB4}
	EndGlobalSection
EndGlobal
